
Microsoft Visual Studio Solution File, Format Version 12.00
# Visual Studio Version 17
VisualStudioVersion = 17.8.34525.116
MinimumVisualStudioVersion = 10.0.40219.1
Project("{9A19103F-16F7-4668-BE54-9A1E7A4F7556}") = "BoosterConf.Ef.Ninja.TaskOne", "BoosterConf.Ef.Ninja.TaskOne\BoosterConf.Ef.Ninja.TaskOne.csproj", "{67807389-DF70-4EFC-A246-91DF2C121801}"
EndProject
Project("{FAE04EC0-301F-11D3-BF4B-00C04F79EFBC}") = "BoosterConf.Ef.Ninja.TaskOne.Completed", "BoosterConf.Ef.Ninja.TaskOne.Completed\BoosterConf.Ef.Ninja.TaskOne.Completed.csproj", "{4C4C4493-9035-4475-AE22-2319D177945D}"
EndProject
Global
	GlobalSection(SolutionConfigurationPlatforms) = preSolution
		Debug|Any CPU = Debug|Any CPU
		Release|Any CPU = Release|Any CPU
	EndGlobalSection
	GlobalSection(ProjectConfigurationPlatforms) = postSolution
		{67807389-DF70-4EFC-A246-91DF2C121801}.Debug|Any CPU.ActiveCfg = Debug|Any CPU
		{67807389-DF70-4EFC-A246-91DF2C121801}.Debug|Any CPU.Build.0 = Debug|Any CPU
		{67807389-DF70-4EFC-A246-91DF2C121801}.Release|Any CPU.ActiveCfg = Release|Any CPU
		{67807389-DF70-4EFC-A246-91DF2C121801}.Release|Any CPU.Build.0 = Release|Any CPU
		{4C4C4493-9035-4475-AE22-2319D177945D}.Debug|Any CPU.ActiveCfg = Debug|Any CPU
		{4C4C4493-9035-4475-AE22-2319D177945D}.Debug|Any CPU.Build.0 = Debug|Any CPU
		{4C4C4493-9035-4475-AE22-2319D177945D}.Release|Any CPU.ActiveCfg = Release|Any CPU
		{4C4C4493-9035-4475-AE22-2319D177945D}.Release|Any CPU.Build.0 = Release|Any CPU
	EndGlobalSection
	GlobalSection(SolutionProperties) = preSolution
		HideSolutionNode = FALSE
	EndGlobalSection
	GlobalSection(ExtensibilityGlobals) = postSolution
		SolutionGuid = {2F34C169-AE6E-438E-970A-2CD4A9566262}
	EndGlobalSection
EndGlobal
