
Microsoft Visual Studio Solution File, Format Version 12.00
# Visual Studio Version 17
VisualStudioVersion = 17.8.34525.116
MinimumVisualStudioVersion = 10.0.40219.1
Project("{9A19103F-16F7-4668-BE54-9A1E7A4F7556}") = "BoosterConf.Ef.Ninja.TaskA", "BoosterConf.Ef.Ninja.TaskA\BoosterConf.Ef.Ninja.TaskA.csproj", "{F8ACA91D-8684-4B6A-A895-FAFDC67D0562}"
EndProject
Project("{9A19103F-16F7-4668-BE54-9A1E7A4F7556}") = "BoosterConf.Ef.Ninja.TaskA.Solved", "BoosterConf.Ef.Ninja.TaskA.Completed\BoosterConf.Ef.Ninja.TaskA.Solved.csproj", "{498085CA-FD1F-44F7-B18D-33781F543499}"
EndProject
Global
	GlobalSection(SolutionConfigurationPlatforms) = preSolution
		Debug|Any CPU = Debug|Any CPU
		Release|Any CPU = Release|Any CPU
	EndGlobalSection
	GlobalSection(ProjectConfigurationPlatforms) = postSolution
		{F8ACA91D-8684-4B6A-A895-FAFDC67D0562}.Debug|Any CPU.ActiveCfg = Debug|Any CPU
		{F8ACA91D-8684-4B6A-A895-FAFDC67D0562}.Debug|Any CPU.Build.0 = Debug|Any CPU
		{F8ACA91D-8684-4B6A-A895-FAFDC67D0562}.Release|Any CPU.ActiveCfg = Release|Any CPU
		{F8ACA91D-8684-4B6A-A895-FAFDC67D0562}.Release|Any CPU.Build.0 = Release|Any CPU
		{498085CA-FD1F-44F7-B18D-33781F543499}.Debug|Any CPU.ActiveCfg = Debug|Any CPU
		{498085CA-FD1F-44F7-B18D-33781F543499}.Debug|Any CPU.Build.0 = Debug|Any CPU
		{498085CA-FD1F-44F7-B18D-33781F543499}.Release|Any CPU.ActiveCfg = Release|Any CPU
		{498085CA-FD1F-44F7-B18D-33781F543499}.Release|Any CPU.Build.0 = Release|Any CPU
	EndGlobalSection
	GlobalSection(SolutionProperties) = preSolution
		HideSolutionNode = FALSE
	EndGlobalSection
	GlobalSection(ExtensibilityGlobals) = postSolution
		SolutionGuid = {2F34C169-AE6E-438E-970A-2CD4A9566262}
	EndGlobalSection
EndGlobal
