
Microsoft Visual Studio Solution File, Format Version 12.00
# Visual Studio Version 17
VisualStudioVersion = 17.8.34525.116
MinimumVisualStudioVersion = 10.0.40219.1
Project("{2150E333-8FDC-42A3-9474-1A3956D46DE8}") = "Solution Files", "Solution Files", "{A14AA42A-CBC0-4357-839E-052390A7FC19}"
	ProjectSection(SolutionItems) = preProject
		..\README.md = ..\README.md
		docker-compose.yml = docker-compose.yml
	EndProjectSection
EndProject
Project("{FAE04EC0-301F-11D3-BF4B-00C04F79EFBC}") = "BoosterConf.Ef.Ninja.Api", "BoosterConf.Ef.Ninja.Api\BoosterConf.Ef.Ninja.Api.csproj", "{AD2F47EC-7C11-4D06-AA76-FC054CFF9EC3}"
EndProject
Project("{FAE04EC0-301F-11D3-BF4B-00C04F79EFBC}") = "BoosterConf.Ef.Ninja.Database", "BoosterConf.Ef.Ninja.Database\BoosterConf.Ef.Ninja.Database.csproj", "{D1BADD85-5E32-4917-B410-2CADB2DD19A6}"
EndProject
Global
	GlobalSection(SolutionConfigurationPlatforms) = preSolution
		Debug|Any CPU = Debug|Any CPU
		Release|Any CPU = Release|Any CPU
	EndGlobalSection
	GlobalSection(ProjectConfigurationPlatforms) = postSolution
		{AD2F47EC-7C11-4D06-AA76-FC054CFF9EC3}.Debug|Any CPU.ActiveCfg = Debug|Any CPU
		{AD2F47EC-7C11-4D06-AA76-FC054CFF9EC3}.Debug|Any CPU.Build.0 = Debug|Any CPU
		{AD2F47EC-7C11-4D06-AA76-FC054CFF9EC3}.Release|Any CPU.ActiveCfg = Release|Any CPU
		{AD2F47EC-7C11-4D06-AA76-FC054CFF9EC3}.Release|Any CPU.Build.0 = Release|Any CPU
		{D1BADD85-5E32-4917-B410-2CADB2DD19A6}.Debug|Any CPU.ActiveCfg = Debug|Any CPU
		{D1BADD85-5E32-4917-B410-2CADB2DD19A6}.Debug|Any CPU.Build.0 = Debug|Any CPU
		{D1BADD85-5E32-4917-B410-2CADB2DD19A6}.Release|Any CPU.ActiveCfg = Release|Any CPU
		{D1BADD85-5E32-4917-B410-2CADB2DD19A6}.Release|Any CPU.Build.0 = Release|Any CPU
	EndGlobalSection
	GlobalSection(SolutionProperties) = preSolution
		HideSolutionNode = FALSE
	EndGlobalSection
	GlobalSection(ExtensibilityGlobals) = postSolution
		SolutionGuid = {2F34C169-AE6E-438E-970A-2CD4A9566262}
	EndGlobalSection
EndGlobal
